
Microsoft Visual Studio Solution File, Format Version 12.00
# Visual Studio 2013
VisualStudioVersion = 12.0.21005.1
MinimumVisualStudioVersion = 10.0.40219.1
Project("{CC5FD16D-436D-48AD-A40C-5A424C6E3E79}") = "WindowsAzureTableService", "WindowsAzureTableService\WindowsAzureTableService.ccproj", "{88CBD6BC-FF6B-4809-B87D-077E04539925}"
EndProject
Project("{FAE04EC0-301F-11D3-BF4B-00C04F79EFBC}") = "WorkerRoleFetch", "WorkerRoleFetch\WorkerRoleFetch.csproj", "{C0143526-EDF9-427A-AB2A-329A86039FA7}"
EndProject
Global
	GlobalSection(SolutionConfigurationPlatforms) = preSolution
		Debug|Any CPU = Debug|Any CPU
		Release|Any CPU = Release|Any CPU
	EndGlobalSection
	GlobalSection(ProjectConfigurationPlatforms) = postSolution
		{88CBD6BC-FF6B-4809-B87D-077E04539925}.Debug|Any CPU.ActiveCfg = Debug|Any CPU
		{88CBD6BC-FF6B-4809-B87D-077E04539925}.Debug|Any CPU.Build.0 = Debug|Any CPU
		{88CBD6BC-FF6B-4809-B87D-077E04539925}.Release|Any CPU.ActiveCfg = Release|Any CPU
		{88CBD6BC-FF6B-4809-B87D-077E04539925}.Release|Any CPU.Build.0 = Release|Any CPU
		{C0143526-EDF9-427A-AB2A-329A86039FA7}.Debug|Any CPU.ActiveCfg = Debug|Any CPU
		{C0143526-EDF9-427A-AB2A-329A86039FA7}.Debug|Any CPU.Build.0 = Debug|Any CPU
		{C0143526-EDF9-427A-AB2A-329A86039FA7}.Release|Any CPU.ActiveCfg = Release|Any CPU
		{C0143526-EDF9-427A-AB2A-329A86039FA7}.Release|Any CPU.Build.0 = Release|Any CPU
	EndGlobalSection
	GlobalSection(SolutionProperties) = preSolution
		HideSolutionNode = FALSE
	EndGlobalSection
EndGlobal
